
Microsoft Visual Studio Solution File, Format Version 12.00
# Visual Studio Version 16
VisualStudioVersion = 16.0.31005.135
MinimumVisualStudioVersion = 10.0.40219.1
Project("{FAE04EC0-301F-11D3-BF4B-00C04F79EFBC}") = "web-app-asp-net-mvc-database-first", "web-app-asp-net-mvc-database-first.csproj", "{F18D13CC-B10E-4AE0-932B-22BB3F65621F}"
EndProject
Global
	GlobalSection(SolutionConfigurationPlatforms) = preSolution
		Debug|Any CPU = Debug|Any CPU
		Release|Any CPU = Release|Any CPU
	EndGlobalSection
	GlobalSection(ProjectConfigurationPlatforms) = postSolution
		{F18D13CC-B10E-4AE0-932B-22BB3F65621F}.Debug|Any CPU.ActiveCfg = Debug|Any CPU
		{F18D13CC-B10E-4AE0-932B-22BB3F65621F}.Debug|Any CPU.Build.0 = Debug|Any CPU
		{F18D13CC-B10E-4AE0-932B-22BB3F65621F}.Release|Any CPU.ActiveCfg = Release|Any CPU
		{F18D13CC-B10E-4AE0-932B-22BB3F65621F}.Release|Any CPU.Build.0 = Release|Any CPU
	EndGlobalSection
	GlobalSection(SolutionProperties) = preSolution
		HideSolutionNode = FALSE
	EndGlobalSection
	GlobalSection(ExtensibilityGlobals) = postSolution
		SolutionGuid = {BE51722D-603D-42FB-9BA5-948DB2984C85}
	EndGlobalSection
EndGlobal
